# THIS IS AN AUTOGENERATED FILE. DO NOT EDIT THIS FILE DIRECTLY.
# yarn lockfile v1


accept@2.x.x:
  version "2.1.4"
  resolved "https://registry.yarnpkg.com/accept/-/accept-2.1.4.tgz#887af54ceee5c7f4430461971ec400c61d09acbb"
  dependencies:
    boom "5.x.x"
    hoek "4.x.x"

ammo@2.x.x:
  version "2.0.4"
  resolved "https://registry.yarnpkg.com/ammo/-/ammo-2.0.4.tgz#bf80aab211698ea78f63ef5e7f113dd5d9e8917f"
  dependencies:
    boom "5.x.x"
    hoek "4.x.x"

aws-sdk@^2.455.0:
  version "2.455.0"
  resolved "https://registry.yarnpkg.com/aws-sdk/-/aws-sdk-2.455.0.tgz#67caab4324e3482b3facd17e522a1fea2ded07e1"
  dependencies:
    buffer "4.9.1"
    events "1.1.1"
    ieee754 "1.1.8"
    jmespath "0.15.0"
    querystring "0.2.0"
    sax "1.2.1"
    url "0.10.3"
    uuid "3.3.2"
    xml2js "0.4.19"

b64@3.x.x:
  version "3.0.3"
  resolved "https://registry.yarnpkg.com/b64/-/b64-3.0.3.tgz#36afeee0d9345f046387ce6de8a6702afe5bb56e"

base64-js@^1.0.2:
  version "1.3.0"
  resolved "https://registry.yarnpkg.com/base64-js/-/base64-js-1.3.0.tgz#cab1e6118f051095e58b5281aea8c1cd22bfc0e3"

boom@5.x.x:
  version "5.2.0"
  resolved "https://registry.yarnpkg.com/boom/-/boom-5.2.0.tgz#5dd9da6ee3a5f302077436290cb717d3f4a54e02"
  dependencies:
    hoek "4.x.x"

boom@7.x.x, boom@^7.3.0:
  version "7.3.0"
  resolved "https://registry.yarnpkg.com/boom/-/boom-7.3.0.tgz#733a6d956d33b0b1999da3fe6c12996950d017b9"
  dependencies:
    hoek "6.x.x"

bourne@1.x.x:
  version "1.1.2"
  resolved "https://registry.yarnpkg.com/bourne/-/bourne-1.1.2.tgz#e290b5bd7166635632eaf8ef12b006b2d4a75b83"

buffer-equal-constant-time@1.0.1:
  version "1.0.1"
  resolved "https://registry.yarnpkg.com/buffer-equal-constant-time/-/buffer-equal-constant-time-1.0.1.tgz#f8e71132f7ffe6e01a5c9697a4c6f3e48d5cc819"

buffer@4.9.1:
  version "4.9.1"
  resolved "https://registry.yarnpkg.com/buffer/-/buffer-4.9.1.tgz#6d1bb601b07a4efced97094132093027c95bc298"
  dependencies:
    base64-js "^1.0.2"
    ieee754 "^1.1.4"
    isarray "^1.0.0"

call@4.x.x:
  version "4.0.2"
  resolved "https://registry.yarnpkg.com/call/-/call-4.0.2.tgz#df76f5f51ee8dd48b856ac8400f7e69e6d7399c4"
  dependencies:
    boom "5.x.x"
    hoek "4.x.x"

catbox-memory@2.x.x:
  version "2.0.4"
  resolved "https://registry.yarnpkg.com/catbox-memory/-/catbox-memory-2.0.4.tgz#433e255902caf54233d1286429c8f4df14e822d5"
  dependencies:
    hoek "4.x.x"

catbox@7.x.x:
  version "7.1.5"
  resolved "https://registry.yarnpkg.com/catbox/-/catbox-7.1.5.tgz#c56f7e8e9555d27c0dc038a96ef73e57d186bb1f"
  dependencies:
    boom "5.x.x"
    hoek "4.x.x"
    joi "10.x.x"

content@3.x.x:
  version "3.0.7"
  resolved "https://registry.yarnpkg.com/content/-/content-3.0.7.tgz#0cbb88e82702d35ccf59800b8add609bb5c1dfc2"
  dependencies:
    boom "5.x.x"

cryptiles@3.x.x:
  version "3.1.4"
  resolved "https://registry.yarnpkg.com/cryptiles/-/cryptiles-3.1.4.tgz#769a68c95612b56faadfcebf57ac86479cbe8322"
  dependencies:
    boom "5.x.x"

cryptiles@^4.1.3:
  version "4.1.3"
  resolved "https://registry.yarnpkg.com/cryptiles/-/cryptiles-4.1.3.tgz#2461d3390ea0b82c643a6ba79f0ed491b0934c25"
  dependencies:
    boom "7.x.x"

ecdsa-sig-formatter@1.0.11:
  version "1.0.11"
  resolved "https://registry.yarnpkg.com/ecdsa-sig-formatter/-/ecdsa-sig-formatter-1.0.11.tgz#ae0f0fa2d85045ef14a817daa3ce9acd0489e5bf"
  dependencies:
    safe-buffer "^5.0.1"

events@1.1.1:
  version "1.1.1"
  resolved "https://registry.yarnpkg.com/events/-/events-1.1.1.tgz#9ebdb7635ad099c70dcc4c2a1f5004288e8bd924"

h2o2@^6.1.0:
  version "6.1.0"
  resolved "https://registry.yarnpkg.com/h2o2/-/h2o2-6.1.0.tgz#2b2e7fcca0e3665c9497645e3203af99ed9033f1"
  dependencies:
    boom "5.x.x"
    hoek "4.x.x"
    joi "10.x.x"
    wreck "12.x.x"

hapi-cors-headers@^1.0.3:
  version "1.0.3"
  resolved "https://registry.yarnpkg.com/hapi-cors-headers/-/hapi-cors-headers-1.0.3.tgz#856b0a9870f435249492c5a52d2744317a8cc1fd"

hapi@^16.7.0:
  version "16.7.0"
  resolved "https://registry.yarnpkg.com/hapi/-/hapi-16.7.0.tgz#3bb39517971df81e8198ec04751455e8b6cb0871"
  dependencies:
    accept "2.x.x"
    ammo "2.x.x"
    boom "5.x.x"
    call "4.x.x"
    catbox "7.x.x"
    catbox-memory "2.x.x"
    cryptiles "3.x.x"
    heavy "4.x.x"
    hoek "4.x.x"
    iron "4.x.x"
    items "2.x.x"
    joi "11.x.x"
    mimos "3.x.x"
    podium "1.x.x"
    shot "3.x.x"
    somever "1.x.x"
    statehood "5.x.x"
    subtext "5.x.x"
    topo "2.x.x"

heavy@4.x.x:
  version "4.0.4"
  resolved "https://registry.yarnpkg.com/heavy/-/heavy-4.0.4.tgz#36c91336c00ccfe852caa4d153086335cd2f00e9"
  dependencies:
    boom "5.x.x"
    hoek "4.x.x"
    joi "10.x.x"

hoek@4.x.x:
  version "4.2.1"
  resolved "https://registry.yarnpkg.com/hoek/-/hoek-4.2.1.tgz#9634502aa12c445dd5a7c5734b572bb8738aacbb"

hoek@6.x.x:
  version "6.1.3"
  resolved "https://registry.yarnpkg.com/hoek/-/hoek-6.1.3.tgz#73b7d33952e01fe27a38b0457294b79dd8da242c"

ieee754@1.1.8:
  version "1.1.8"
  resolved "https://registry.yarnpkg.com/ieee754/-/ieee754-1.1.8.tgz#be33d40ac10ef1926701f6f08a2d86fbfd1ad3e4"

ieee754@^1.1.4:
  version "1.1.13"
  resolved "https://registry.yarnpkg.com/ieee754/-/ieee754-1.1.13.tgz#ec168558e95aa181fd87d37f55c32bbcb6708b84"

iron@4.x.x:
  version "4.0.5"
  resolved "https://registry.yarnpkg.com/iron/-/iron-4.0.5.tgz#4f042cceb8b9738f346b59aa734c83a89bc31428"
  dependencies:
    boom "5.x.x"
    cryptiles "3.x.x"
    hoek "4.x.x"

isarray@^1.0.0:
  version "1.0.0"
  resolved "https://registry.yarnpkg.com/isarray/-/isarray-1.0.0.tgz#bb935d48582cba168c06834957a54a3e07124f11"

isemail@2.x.x:
  version "2.2.1"
  resolved "https://registry.yarnpkg.com/isemail/-/isemail-2.2.1.tgz#0353d3d9a62951080c262c2aa0a42b8ea8e9e2a6"

isemail@3.x.x:
  version "3.2.0"
  resolved "https://registry.yarnpkg.com/isemail/-/isemail-3.2.0.tgz#59310a021931a9fb06bbb51e155ce0b3f236832c"
  dependencies:
    punycode "2.x.x"

items@2.x.x:
  version "2.1.2"
  resolved "https://registry.yarnpkg.com/items/-/items-2.1.2.tgz#0849354595805d586dac98e7e6e85556ea838558"

jmespath@0.15.0:
  version "0.15.0"
  resolved "https://registry.yarnpkg.com/jmespath/-/jmespath-0.15.0.tgz#a3f222a9aae9f966f5d27c796510e28091764217"

joi@10.x.x:
  version "10.6.0"
  resolved "https://registry.yarnpkg.com/joi/-/joi-10.6.0.tgz#52587f02d52b8b75cdb0c74f0b164a191a0e1fc2"
  dependencies:
    hoek "4.x.x"
    isemail "2.x.x"
    items "2.x.x"
    topo "2.x.x"

joi@11.x.x:
  version "11.4.0"
  resolved "https://registry.yarnpkg.com/joi/-/joi-11.4.0.tgz#f674897537b625e9ac3d0b7e1604c828ad913ccb"
  dependencies:
    hoek "4.x.x"
    isemail "3.x.x"
    topo "2.x.x"

joi@12.x.x:
  version "12.0.0"
  resolved "https://registry.yarnpkg.com/joi/-/joi-12.0.0.tgz#46f55e68f4d9628f01bbb695902c8b307ad8d33a"
  dependencies:
    hoek "4.x.x"
    isemail "3.x.x"
    topo "2.x.x"

js-string-escape@^1.0.1:
  version "1.0.1"
  resolved "https://registry.yarnpkg.com/js-string-escape/-/js-string-escape-1.0.1.tgz#e2625badbc0d67c7533e9edc1068c587ae4137ef"

jsonpath-plus@^0.16.0:
  version "0.16.0"
  resolved "https://registry.yarnpkg.com/jsonpath-plus/-/jsonpath-plus-0.16.0.tgz#fe441b23f03ec6979a5603513988cd3edb7db5dc"

jsonschema@^1.2.4:
  version "1.2.4"
  resolved "https://registry.yarnpkg.com/jsonschema/-/jsonschema-1.2.4.tgz#a46bac5d3506a254465bc548876e267c6d0d6464"

jsonwebtoken@^8.5.1:
  version "8.5.1"
  resolved "https://registry.yarnpkg.com/jsonwebtoken/-/jsonwebtoken-8.5.1.tgz#00e71e0b8df54c2121a1f26137df2280673bcc0d"
  dependencies:
    jws "^3.2.2"
    lodash.includes "^4.3.0"
    lodash.isboolean "^3.0.3"
    lodash.isinteger "^4.0.4"
    lodash.isnumber "^3.0.3"
    lodash.isplainobject "^4.0.6"
    lodash.isstring "^4.0.1"
    lodash.once "^4.0.0"
    ms "^2.1.1"
    semver "^5.6.0"

jwa@^1.4.1:
  version "1.4.1"
  resolved "https://registry.yarnpkg.com/jwa/-/jwa-1.4.1.tgz#743c32985cb9e98655530d53641b66c8645b039a"
  dependencies:
    buffer-equal-constant-time "1.0.1"
    ecdsa-sig-formatter "1.0.11"
    safe-buffer "^5.0.1"

jws@^3.2.2:
  version "3.2.2"
  resolved "https://registry.yarnpkg.com/jws/-/jws-3.2.2.tgz#001099f3639468c9414000e99995fa52fb478304"
  dependencies:
    jwa "^1.4.1"
    safe-buffer "^5.0.1"

lodash.includes@^4.3.0:
  version "4.3.0"
  resolved "https://registry.yarnpkg.com/lodash.includes/-/lodash.includes-4.3.0.tgz#60bb98a87cb923c68ca1e51325483314849f553f"

lodash.isboolean@^3.0.3:
  version "3.0.3"
  resolved "https://registry.yarnpkg.com/lodash.isboolean/-/lodash.isboolean-3.0.3.tgz#6c2e171db2a257cd96802fd43b01b20d5f5870f6"

lodash.isinteger@^4.0.4:
  version "4.0.4"
  resolved "https://registry.yarnpkg.com/lodash.isinteger/-/lodash.isinteger-4.0.4.tgz#619c0af3d03f8b04c31f5882840b77b11cd68343"

lodash.isnumber@^3.0.3:
  version "3.0.3"
  resolved "https://registry.yarnpkg.com/lodash.isnumber/-/lodash.isnumber-3.0.3.tgz#3ce76810c5928d03352301ac287317f11c0b1ffc"

lodash.isplainobject@^4.0.6:
  version "4.0.6"
  resolved "https://registry.yarnpkg.com/lodash.isplainobject/-/lodash.isplainobject-4.0.6.tgz#7c526a52d89b45c45cc690b88163be0497f550cb"

lodash.isstring@^4.0.1:
  version "4.0.1"
  resolved "https://registry.yarnpkg.com/lodash.isstring/-/lodash.isstring-4.0.1.tgz#d527dfb5456eca7cc9bb95d5daeaf88ba54a5451"

lodash.once@^4.0.0:
  version "4.1.1"
  resolved "https://registry.yarnpkg.com/lodash.once/-/lodash.once-4.1.1.tgz#0dd3971213c7c56df880977d504c88fb471a97ac"

mime-db@1.x.x:
  version "1.40.0"
  resolved "https://registry.yarnpkg.com/mime-db/-/mime-db-1.40.0.tgz#a65057e998db090f732a68f6c276d387d4126c32"

mimos@3.x.x:
  version "3.0.3"
  resolved "https://registry.yarnpkg.com/mimos/-/mimos-3.0.3.tgz#b9109072ad378c2b72f6a0101c43ddfb2b36641f"
  dependencies:
    hoek "4.x.x"
    mime-db "1.x.x"

ms@^2.1.1:
  version "2.1.1"
  resolved "https://registry.yarnpkg.com/ms/-/ms-2.1.1.tgz#30a5864eb3ebb0a66f2ebe6d727af06a09d86e0a"

nigel@2.x.x:
  version "2.0.2"
  resolved "https://registry.yarnpkg.com/nigel/-/nigel-2.0.2.tgz#93a1866fb0c52d87390aa75e2b161f4b5c75e5b1"
  dependencies:
    hoek "4.x.x"
    vise "2.x.x"

pez@2.x.x:
  version "2.1.5"
  resolved "https://registry.yarnpkg.com/pez/-/pez-2.1.5.tgz#5ec2cc62500cc3eb4236d4a414cf5a17b5eb5007"
  dependencies:
    b64 "3.x.x"
    boom "5.x.x"
    content "3.x.x"
    hoek "4.x.x"
    nigel "2.x.x"

podium@1.x.x:
  version "1.3.0"
  resolved "https://registry.yarnpkg.com/podium/-/podium-1.3.0.tgz#3c490f54d16f10f5260cbe98641f1cb733a8851c"
  dependencies:
    hoek "4.x.x"
    items "2.x.x"
    joi "10.x.x"

punycode@1.3.2:
  version "1.3.2"
  resolved "https://registry.yarnpkg.com/punycode/-/punycode-1.3.2.tgz#9653a036fb7c1ee42342f2325cceefea3926c48d"

punycode@2.x.x:
  version "2.1.1"
  resolved "https://registry.yarnpkg.com/punycode/-/punycode-2.1.1.tgz#b58b010ac40c22c5657616c8d2c2c02c7bf479ec"

querystring@0.2.0:
  version "0.2.0"
  resolved "https://registry.yarnpkg.com/querystring/-/querystring-0.2.0.tgz#b209849203bb25df820da756e747005878521620"

safe-buffer@^5.0.1:
  version "5.1.2"
  resolved "https://registry.yarnpkg.com/safe-buffer/-/safe-buffer-5.1.2.tgz#991ec69d296e0313747d59bdfd2b745c35f8828d"

sax@1.2.1:
  version "1.2.1"
  resolved "https://registry.yarnpkg.com/sax/-/sax-1.2.1.tgz#7b8e656190b228e81a66aea748480d828cd2d37a"

sax@>=0.6.0:
  version "1.2.4"
  resolved "https://registry.yarnpkg.com/sax/-/sax-1.2.4.tgz#2816234e2378bddc4e5354fab5caa895df7100d9"

semver@^5.6.0:
  version "5.7.0"
  resolved "https://registry.yarnpkg.com/semver/-/semver-5.7.0.tgz#790a7cf6fea5459bac96110b29b60412dc8ff96b"

serverless-offline@^4.10.0:
  version "4.10.0"
  resolved "https://registry.yarnpkg.com/serverless-offline/-/serverless-offline-4.10.0.tgz#608ae9e1a85886fc80532610ff06e9e684e99901"
  dependencies:
    boom "^7.3.0"
    cryptiles "^4.1.3"
    h2o2 "^6.1.0"
    hapi "^16.7.0"
    hapi-cors-headers "^1.0.3"
    js-string-escape "^1.0.1"
    jsonpath-plus "^0.16.0"
    jsonschema "^1.2.4"
    jsonwebtoken "^8.5.1"
    trim-newlines "^2.0.0"
    velocityjs "^1.1.3"

shot@3.x.x:
  version "3.4.2"
  resolved "https://registry.yarnpkg.com/shot/-/shot-3.4.2.tgz#1e5c3f6f2b26649adc42f7eb350214a5a0291d67"
  dependencies:
    hoek "4.x.x"
    joi "10.x.x"

somever@1.x.x:
  version "1.0.1"
  resolved "https://registry.yarnpkg.com/somever/-/somever-1.0.1.tgz#28a5c7de0d55f781af52fbce9960db1b84ce206e"
  dependencies:
    hoek "4.x.x"

statehood@5.x.x:
  version "5.0.4"
  resolved "https://registry.yarnpkg.com/statehood/-/statehood-5.0.4.tgz#bb5c343c357e3b6a18260c36cde4a282563ca558"
  dependencies:
    boom "5.x.x"
    bourne "1.x.x"
    cryptiles "3.x.x"
    hoek "4.x.x"
    iron "4.x.x"
    items "2.x.x"
    joi "12.x.x"

subtext@5.x.x:
  version "5.0.1"
  resolved "https://registry.yarnpkg.com/subtext/-/subtext-5.0.1.tgz#3ba39c93260e2e2ee1eddcde371be9d5fbe88861"
  dependencies:
    boom "5.x.x"
    bourne "1.x.x"
    content "3.x.x"
    hoek "4.x.x"
    pez "2.x.x"
    wreck "12.x.x"

topo@2.x.x:
  version "2.0.2"
  resolved "https://registry.yarnpkg.com/topo/-/topo-2.0.2.tgz#cd5615752539057c0dc0491a621c3bc6fbe1d182"
  dependencies:
    hoek "4.x.x"

trim-newlines@^2.0.0:
  version "2.0.0"
  resolved "https://registry.yarnpkg.com/trim-newlines/-/trim-newlines-2.0.0.tgz#b403d0b91be50c331dfc4b82eeceb22c3de16d20"

url@0.10.3:
  version "0.10.3"
  resolved "https://registry.yarnpkg.com/url/-/url-0.10.3.tgz#021e4d9c7705f21bbf37d03ceb58767402774c64"
  dependencies:
    punycode "1.3.2"
    querystring "0.2.0"

uuid@3.3.2:
  version "3.3.2"
  resolved "https://registry.yarnpkg.com/uuid/-/uuid-3.3.2.tgz#1b4af4955eb3077c501c23872fc6513811587131"

velocityjs@^1.1.3:
  version "1.1.3"
  resolved "https://registry.yarnpkg.com/velocityjs/-/velocityjs-1.1.3.tgz#28c69ee90ed288749d95ac001c09bf4ffecc1c8a"

vise@2.x.x:
  version "2.0.2"
  resolved "https://registry.yarnpkg.com/vise/-/vise-2.0.2.tgz#6b08e8fb4cb76e3a50cd6dd0ec37338e811a0d39"
  dependencies:
    hoek "4.x.x"

wreck@12.x.x:
  version "12.5.1"
  resolved "https://registry.yarnpkg.com/wreck/-/wreck-12.5.1.tgz#cd2ffce167449e1f0242ed9cf80552e20fb6902a"
  dependencies:
    boom "5.x.x"
    hoek "4.x.x"

xml2js@0.4.19:
  version "0.4.19"
  resolved "https://registry.yarnpkg.com/xml2js/-/xml2js-0.4.19.tgz#686c20f213209e94abf0d1bcf1efaa291c7827a7"
  dependencies:
    sax ">=0.6.0"
    xmlbuilder "~9.0.1"

xmlbuilder@~9.0.1:
  version "9.0.7"
  resolved "https://registry.yarnpkg.com/xmlbuilder/-/xmlbuilder-9.0.7.tgz#132ee63d2ec5565c557e20f4c22df9aca686b10d"
